schema: '2.0'
stages:
  preprocess:
    cmd: python src/preprocess.py
    deps:
    - path: params.yaml
      hash: md5
      md5: fd88cb4e2c42fb2f8eaaa951c5327e38
      size: 428
    - path: s3://lab1-s3-yana/data/raw/diabetes.csv
      hash: md5
      etag: f2906818eda8fcfc8f8416557ab1e6df
      size: 23873
    - path: src/preprocess.py
      hash: md5
      md5: c24828feb364028f11220e6120071602
      size: 1795
    outs:
    - path: data/processed/data.csv
      hash: md5
      md5: 60acca81995dc9744b499005ecfe6f2a
      size: 23290
  train:
    cmd: python src/train.py
    deps:
    - path: data/processed/data.csv
      hash: md5
      md5: 60acca81995dc9744b499005ecfe6f2a
      size: 23290
    - path: params.yaml
      hash: md5
      md5: fd88cb4e2c42fb2f8eaaa951c5327e38
      size: 428
    - path: src/train.py
      hash: md5
      md5: 8c3e5f44fb7507a3340635ddce5e670a
      size: 4888
    outs:
    - path: models/model.pkl
      hash: md5
      md5: 26c854d1d3ab44de2b9b0d3804399b5c
      size: 1668311
  evaluate:
    cmd: python src/evaluate.py
    deps:
    - path: models/model.pkl
      hash: md5
      md5: 26c854d1d3ab44de2b9b0d3804399b5c
      size: 1668311
    - path: src/evaluate.py
      hash: md5
      md5: 7ec8dbdd99f21f73f14a5c12e9375349
      size: 1464
    outs:
    - path: metrics/metrics.json
      hash: md5
      md5: 839aa50e2207f2b0866d44e1bdd23afe
      size: 30
